
Microsoft Visual Studio Solution File, Format Version 12.00
# Visual Studio 15
VisualStudioVersion = 15.0.28307.1300
MinimumVisualStudioVersion = 10.0.40219.1
Project("{FAE04EC0-301F-11D3-BF4B-00C04F79EFBC}") = "LabDemoEF.UI", "LabDemoEF.UI\LabDemoEF.UI.csproj", "{CD03C0F4-58C7-4B26-96A7-5BB900FFC725}"
EndProject
Project("{FAE04EC0-301F-11D3-BF4B-00C04F79EFBC}") = "LabDemoEF.Data", "LabDemoEF.Data\LabDemoEF.Data.csproj", "{3C4F734D-0DFD-41DB-88AE-82F4F5B4A6F4}"
EndProject
Project("{FAE04EC0-301F-11D3-BF4B-00C04F79EFBC}") = "LabDemoEF.Entities", "LabDemoEF.Entities\LabDemoEF.Entities.csproj", "{C613C975-4DC2-4636-8C12-823675202E57}"
EndProject
Project("{FAE04EC0-301F-11D3-BF4B-00C04F79EFBC}") = "LabDemoEF.Logic", "LabDemoEF.Logic\LabDemoEF.Logic.csproj", "{08281F19-630E-4B15-82CA-8E39434AB5E6}"
EndProject
Global
	GlobalSection(SolutionConfigurationPlatforms) = preSolution
		Debug|Any CPU = Debug|Any CPU
		Release|Any CPU = Release|Any CPU
	EndGlobalSection
	GlobalSection(ProjectConfigurationPlatforms) = postSolution
		{CD03C0F4-58C7-4B26-96A7-5BB900FFC725}.Debug|Any CPU.ActiveCfg = Debug|Any CPU
		{CD03C0F4-58C7-4B26-96A7-5BB900FFC725}.Debug|Any CPU.Build.0 = Debug|Any CPU
		{CD03C0F4-58C7-4B26-96A7-5BB900FFC725}.Release|Any CPU.ActiveCfg = Release|Any CPU
		{CD03C0F4-58C7-4B26-96A7-5BB900FFC725}.Release|Any CPU.Build.0 = Release|Any CPU
		{3C4F734D-0DFD-41DB-88AE-82F4F5B4A6F4}.Debug|Any CPU.ActiveCfg = Debug|Any CPU
		{3C4F734D-0DFD-41DB-88AE-82F4F5B4A6F4}.Debug|Any CPU.Build.0 = Debug|Any CPU
		{3C4F734D-0DFD-41DB-88AE-82F4F5B4A6F4}.Release|Any CPU.ActiveCfg = Release|Any CPU
		{3C4F734D-0DFD-41DB-88AE-82F4F5B4A6F4}.Release|Any CPU.Build.0 = Release|Any CPU
		{C613C975-4DC2-4636-8C12-823675202E57}.Debug|Any CPU.ActiveCfg = Debug|Any CPU
		{C613C975-4DC2-4636-8C12-823675202E57}.Debug|Any CPU.Build.0 = Debug|Any CPU
		{C613C975-4DC2-4636-8C12-823675202E57}.Release|Any CPU.ActiveCfg = Release|Any CPU
		{C613C975-4DC2-4636-8C12-823675202E57}.Release|Any CPU.Build.0 = Release|Any CPU
		{08281F19-630E-4B15-82CA-8E39434AB5E6}.Debug|Any CPU.ActiveCfg = Debug|Any CPU
		{08281F19-630E-4B15-82CA-8E39434AB5E6}.Debug|Any CPU.Build.0 = Debug|Any CPU
		{08281F19-630E-4B15-82CA-8E39434AB5E6}.Release|Any CPU.ActiveCfg = Release|Any CPU
		{08281F19-630E-4B15-82CA-8E39434AB5E6}.Release|Any CPU.Build.0 = Release|Any CPU
	EndGlobalSection
	GlobalSection(SolutionProperties) = preSolution
		HideSolutionNode = FALSE
	EndGlobalSection
	GlobalSection(ExtensibilityGlobals) = postSolution
		SolutionGuid = {6FD62732-19CE-4C82-88CD-561658E2A9E7}
	EndGlobalSection
EndGlobal
