
Microsoft Visual Studio Solution File, Format Version 12.00
# Visual Studio 15
VisualStudioVersion = 15.0.28307.1300
MinimumVisualStudioVersion = 10.0.40219.1
Project("{FAE04EC0-301F-11D3-BF4B-00C04F79EFBC}") = "TransportePublico", "TransportePublico\TransportePublico.csproj", "{583D92C6-37C2-4917-8DFD-C35D53EAB18C}"
EndProject
Global
	GlobalSection(SolutionConfigurationPlatforms) = preSolution
		Debug|Any CPU = Debug|Any CPU
		Release|Any CPU = Release|Any CPU
	EndGlobalSection
	GlobalSection(ProjectConfigurationPlatforms) = postSolution
		{583D92C6-37C2-4917-8DFD-C35D53EAB18C}.Debug|Any CPU.ActiveCfg = Debug|Any CPU
		{583D92C6-37C2-4917-8DFD-C35D53EAB18C}.Debug|Any CPU.Build.0 = Debug|Any CPU
		{583D92C6-37C2-4917-8DFD-C35D53EAB18C}.Release|Any CPU.ActiveCfg = Release|Any CPU
		{583D92C6-37C2-4917-8DFD-C35D53EAB18C}.Release|Any CPU.Build.0 = Release|Any CPU
	EndGlobalSection
	GlobalSection(SolutionProperties) = preSolution
		HideSolutionNode = FALSE
	EndGlobalSection
	GlobalSection(ExtensibilityGlobals) = postSolution
		SolutionGuid = {7D797115-96A0-40A4-AA9D-C11F8B9E7C22}
	EndGlobalSection
EndGlobal
